// !$*UTF8*$!
{
	archiveVersion = 1;
	classes = {
	};
	objectVersion = 50;
	objects = {

/* Begin PBXBuildFile section */
		5780783627772E1B0017586E /* irid_grid.h in Headers */ = {isa = PBXBuildFile; fileRef = 5780783427772E1B0017586E /* irid_grid.h */; };
		5780783727772E1B0017586E /* irid_grid.c in Sources */ = {isa = PBXBuildFile; fileRef = 5780783527772E1B0017586E /* irid_grid.c */; };
		5780783C27772E230017586E /* irid_tile.h in Headers */ = {isa = PBXBuildFile; fileRef = 5780783A27772E230017586E /* irid_tile.h */; };
		5780783D27772E230017586E /* irid_tile.c in Sources */ = {isa = PBXBuildFile; fileRef = 5780783B27772E230017586E /* irid_tile.c */; };
		5780784327772E460017586E /* irid_layer.h in Headers */ = {isa = PBXBuildFile; fileRef = 5780784127772E460017586E /* irid_layer.h */; };
		5780784427772E460017586E /* irid_layer.c in Sources */ = {isa = PBXBuildFile; fileRef = 5780784227772E460017586E /* irid_layer.c */; };
		578078492777335B0017586E /* irid.h in Headers */ = {isa = PBXBuildFile; fileRef = 578078482777335B0017586E /* irid.h */; };
		5780784D27773BEC0017586E /* irid_color.h in Headers */ = {isa = PBXBuildFile; fileRef = 5780784B27773BEC0017586E /* irid_color.h */; };
		5780784E27773BEC0017586E /* irid_color.c in Sources */ = {isa = PBXBuildFile; fileRef = 5780784C27773BEC0017586E /* irid_color.c */; };
		5780785227773D5B0017586E /* irid_palette.h in Headers */ = {isa = PBXBuildFile; fileRef = 5780785027773D5B0017586E /* irid_palette.h */; };
		5780785327773D5B0017586E /* irid_palette.c in Sources */ = {isa = PBXBuildFile; fileRef = 5780785127773D5B0017586E /* irid_palette.c */; };
		5780785727773DC80017586E /* irid_stroke.h in Headers */ = {isa = PBXBuildFile; fileRef = 5780785527773DC80017586E /* irid_stroke.h */; };
		5780785827773DC80017586E /* irid_stroke.c in Sources */ = {isa = PBXBuildFile; fileRef = 5780785627773DC80017586E /* irid_stroke.c */; };
		5780785C27773E690017586E /* irid_spline.h in Headers */ = {isa = PBXBuildFile; fileRef = 5780785A27773E690017586E /* irid_spline.h */; };
		5780785D27773E690017586E /* irid_spline.c in Sources */ = {isa = PBXBuildFile; fileRef = 5780785B27773E690017586E /* irid_spline.c */; };
		57807861277742DC0017586E /* irid_symmetry.h in Headers */ = {isa = PBXBuildFile; fileRef = 5780785F277742DC0017586E /* irid_symmetry.h */; };
		57807862277742DC0017586E /* irid_symmetry.c in Sources */ = {isa = PBXBuildFile; fileRef = 57807860277742DC0017586E /* irid_symmetry.c */; };
		5780787F277774120017586E /* irid.c in Sources */ = {isa = PBXBuildFile; fileRef = 5780787E277774120017586E /* irid.c */; };
/* End PBXBuildFile section */

/* Begin PBXFileReference section */
		5780782827772D560017586E /* libirid.a */ = {isa = PBXFileReference; explicitFileType = archive.ar; includeInIndex = 0; path = libirid.a; sourceTree = BUILT_PRODUCTS_DIR; };
		5780783427772E1B0017586E /* irid_grid.h */ = {isa = PBXFileReference; lastKnownFileType = sourcecode.c.h; path = irid_grid.h; sourceTree = "<group>"; };
		5780783527772E1B0017586E /* irid_grid.c */ = {isa = PBXFileReference; lastKnownFileType = sourcecode.c.c; path = irid_grid.c; sourceTree = "<group>"; };
		5780783A27772E230017586E /* irid_tile.h */ = {isa = PBXFileReference; lastKnownFileType = sourcecode.c.h; path = irid_tile.h; sourceTree = "<group>"; };
		5780783B27772E230017586E /* irid_tile.c */ = {isa = PBXFileReference; lastKnownFileType = sourcecode.c.c; path = irid_tile.c; sourceTree = "<group>"; };
		5780784127772E460017586E /* irid_layer.h */ = {isa = PBXFileReference; lastKnownFileType = sourcecode.c.h; path = irid_layer.h; sourceTree = "<group>"; };
		5780784227772E460017586E /* irid_layer.c */ = {isa = PBXFileReference; lastKnownFileType = sourcecode.c.c; path = irid_layer.c; sourceTree = "<group>"; };
		578078482777335B0017586E /* irid.h */ = {isa = PBXFileReference; fileEncoding = 4; lastKnownFileType = sourcecode.c.h; path = irid.h; sourceTree = SOURCE_ROOT; };
		5780784B27773BEC0017586E /* irid_color.h */ = {isa = PBXFileReference; lastKnownFileType = sourcecode.c.h; path = irid_color.h; sourceTree = "<group>"; };
		5780784C27773BEC0017586E /* irid_color.c */ = {isa = PBXFileReference; lastKnownFileType = sourcecode.c.c; path = irid_color.c; sourceTree = "<group>"; };
		5780785027773D5B0017586E /* irid_palette.h */ = {isa = PBXFileReference; lastKnownFileType = sourcecode.c.h; path = irid_palette.h; sourceTree = "<group>"; };
		5780785127773D5B0017586E /* irid_palette.c */ = {isa = PBXFileReference; lastKnownFileType = sourcecode.c.c; path = irid_palette.c; sourceTree = "<group>"; };
		5780785527773DC80017586E /* irid_stroke.h */ = {isa = PBXFileReference; lastKnownFileType = sourcecode.c.h; path = irid_stroke.h; sourceTree = "<group>"; };
		5780785627773DC80017586E /* irid_stroke.c */ = {isa = PBXFileReference; lastKnownFileType = sourcecode.c.c; path = irid_stroke.c; sourceTree = "<group>"; };
		5780785A27773E690017586E /* irid_spline.h */ = {isa = PBXFileReference; lastKnownFileType = sourcecode.c.h; path = irid_spline.h; sourceTree = "<group>"; };
		5780785B27773E690017586E /* irid_spline.c */ = {isa = PBXFileReference; lastKnownFileType = sourcecode.c.c; path = irid_spline.c; sourceTree = "<group>"; };
		5780785F277742DC0017586E /* irid_symmetry.h */ = {isa = PBXFileReference; lastKnownFileType = sourcecode.c.h; path = irid_symmetry.h; sourceTree = "<group>"; };
		57807860277742DC0017586E /* irid_symmetry.c */ = {isa = PBXFileReference; lastKnownFileType = sourcecode.c.c; path = irid_symmetry.c; sourceTree = "<group>"; };
		5780787E277774120017586E /* irid.c */ = {isa = PBXFileReference; lastKnownFileType = sourcecode.c.c; path = irid.c; sourceTree = SOURCE_ROOT; };
/* End PBXFileReference section */

/* Begin PBXFrameworksBuildPhase section */
		5780782627772D560017586E /* Frameworks */ = {
			isa = PBXFrameworksBuildPhase;
			buildActionMask = 2147483647;
			files = (
			);
			runOnlyForDeploymentPostprocessing = 0;
		};
/* End PBXFrameworksBuildPhase section */

/* Begin PBXGroup section */
		5780781F27772D560017586E = {
			isa = PBXGroup;
			children = (
				5780783027772DC70017586E /* src */,
				5780782927772D560017586E /* Products */,
			);
			sourceTree = "<group>";
		};
		5780782927772D560017586E /* Products */ = {
			isa = PBXGroup;
			children = (
				5780782827772D560017586E /* libirid.a */,
			);
			name = Products;
			sourceTree = "<group>";
		};
		5780783027772DC70017586E /* src */ = {
			isa = PBXGroup;
			children = (
				578078482777335B0017586E /* irid.h */,
				5780787E277774120017586E /* irid.c */,
				5780784727772E5F0017586E /* demo */,
				5780783F27772E330017586E /* core */,
			);
			path = src;
			sourceTree = "<group>";
		};
		5780783F27772E330017586E /* core */ = {
			isa = PBXGroup;
			children = (
				5780784C27773BEC0017586E /* irid_color.c */,
				5780784B27773BEC0017586E /* irid_color.h */,
				5780783527772E1B0017586E /* irid_grid.c */,
				5780783427772E1B0017586E /* irid_grid.h */,
				5780784227772E460017586E /* irid_layer.c */,
				5780784127772E460017586E /* irid_layer.h */,
				5780785127773D5B0017586E /* irid_palette.c */,
				5780785027773D5B0017586E /* irid_palette.h */,
				5780785B27773E690017586E /* irid_spline.c */,
				5780785A27773E690017586E /* irid_spline.h */,
				5780785F277742DC0017586E /* irid_symmetry.h */,
				57807860277742DC0017586E /* irid_symmetry.c */,
				5780785627773DC80017586E /* irid_stroke.c */,
				5780785527773DC80017586E /* irid_stroke.h */,
				5780783B27772E230017586E /* irid_tile.c */,
				5780783A27772E230017586E /* irid_tile.h */,
			);
			path = core;
			sourceTree = "<group>";
		};
		5780784727772E5F0017586E /* demo */ = {
			isa = PBXGroup;
			children = (
			);
			path = demo;
			sourceTree = SOURCE_ROOT;
		};
/* End PBXGroup section */

/* Begin PBXHeadersBuildPhase section */
		5780782427772D560017586E /* Headers */ = {
			isa = PBXHeadersBuildPhase;
			buildActionMask = 2147483647;
			files = (
				57807861277742DC0017586E /* irid_symmetry.h in Headers */,
				578078492777335B0017586E /* irid.h in Headers */,
				5780783C27772E230017586E /* irid_tile.h in Headers */,
				5780783627772E1B0017586E /* irid_grid.h in Headers */,
				5780785727773DC80017586E /* irid_stroke.h in Headers */,
				5780784327772E460017586E /* irid_layer.h in Headers */,
				5780785C27773E690017586E /* irid_spline.h in Headers */,
				5780785227773D5B0017586E /* irid_palette.h in Headers */,
				5780784D27773BEC0017586E /* irid_color.h in Headers */,
			);
			runOnlyForDeploymentPostprocessing = 0;
		};
/* End PBXHeadersBuildPhase section */

/* Begin PBXNativeTarget section */
		5780782727772D560017586E /* irid */ = {
			isa = PBXNativeTarget;
			buildConfigurationList = 5780782C27772D560017586E /* Build configuration list for PBXNativeTarget "irid" */;
			buildPhases = (
				5780782427772D560017586E /* Headers */,
				5780782527772D560017586E /* Sources */,
				5780782627772D560017586E /* Frameworks */,
			);
			buildRules = (
			);
			dependencies = (
			);
			name = irid;
			productName = irid;
			productReference = 5780782827772D560017586E /* libirid.a */;
			productType = "com.apple.product-type.library.static";
		};
/* End PBXNativeTarget section */

/* Begin PBXProject section */
		5780782027772D560017586E /* Project object */ = {
			isa = PBXProject;
			attributes = {
				LastUpgradeCheck = 1240;
				TargetAttributes = {
					5780782727772D560017586E = {
						CreatedOnToolsVersion = 12.4;
					};
				};
			};
			buildConfigurationList = 5780782327772D560017586E /* Build configuration list for PBXProject "irid" */;
			compatibilityVersion = "Xcode 9.3";
			developmentRegion = en;
			hasScannedForEncodings = 0;
			knownRegions = (
				en,
				Base,
			);
			mainGroup = 5780781F27772D560017586E;
			productRefGroup = 5780782927772D560017586E /* Products */;
			projectDirPath = "";
			projectRoot = "";
			targets = (
				5780782727772D560017586E /* irid */,
			);
		};
/* End PBXProject section */

/* Begin PBXSourcesBuildPhase section */
		5780782527772D560017586E /* Sources */ = {
			isa = PBXSourcesBuildPhase;
			buildActionMask = 2147483647;
			files = (
				5780783727772E1B0017586E /* irid_grid.c in Sources */,
				57807862277742DC0017586E /* irid_symmetry.c in Sources */,
				5780785327773D5B0017586E /* irid_palette.c in Sources */,
				5780787F277774120017586E /* irid.c in Sources */,
				5780785D27773E690017586E /* irid_spline.c in Sources */,
				5780784427772E460017586E /* irid_layer.c in Sources */,
				5780785827773DC80017586E /* irid_stroke.c in Sources */,
				5780783D27772E230017586E /* irid_tile.c in Sources */,
				5780784E27773BEC0017586E /* irid_color.c in Sources */,
			);
			runOnlyForDeploymentPostprocessing = 0;
		};
/* End PBXSourcesBuildPhase section */

/* Begin XCBuildConfiguration section */
		5780782A27772D560017586E /* Debug */ = {
			isa = XCBuildConfiguration;
			buildSettings = {
				ALWAYS_SEARCH_USER_PATHS = NO;
				CLANG_ANALYZER_NONNULL = YES;
				CLANG_ANALYZER_NUMBER_OBJECT_CONVERSION = YES_AGGRESSIVE;
				CLANG_CXX_LANGUAGE_STANDARD = "gnu++14";
				CLANG_CXX_LIBRARY = "libc++";
				CLANG_ENABLE_MODULES = YES;
				CLANG_ENABLE_OBJC_ARC = YES;
				CLANG_ENABLE_OBJC_WEAK = YES;
				CLANG_WARN_BLOCK_CAPTURE_AUTORELEASING = YES;
				CLANG_WARN_BOOL_CONVERSION = YES;
				CLANG_WARN_COMMA = YES;
				CLANG_WARN_CONSTANT_CONVERSION = YES;
				CLANG_WARN_DEPRECATED_OBJC_IMPLEMENTATIONS = YES;
				CLANG_WARN_DIRECT_OBJC_ISA_USAGE = YES_ERROR;
				CLANG_WARN_DOCUMENTATION_COMMENTS = YES;
				CLANG_WARN_EMPTY_BODY = YES;
				CLANG_WARN_ENUM_CONVERSION = YES;
				CLANG_WARN_INFINITE_RECURSION = YES;
				CLANG_WARN_INT_CONVERSION = YES;
				CLANG_WARN_NON_LITERAL_NULL_CONVERSION = YES;
				CLANG_WARN_OBJC_IMPLICIT_RETAIN_SELF = YES;
				CLANG_WARN_OBJC_LITERAL_CONVERSION = YES;
				CLANG_WARN_OBJC_ROOT_CLASS = YES_ERROR;
				CLANG_WARN_QUOTED_INCLUDE_IN_FRAMEWORK_HEADER = YES;
				CLANG_WARN_RANGE_LOOP_ANALYSIS = YES;
				CLANG_WARN_STRICT_PROTOTYPES = YES;
				CLANG_WARN_SUSPICIOUS_MOVE = YES;
				CLANG_WARN_UNGUARDED_AVAILABILITY = YES_AGGRESSIVE;
				CLANG_WARN_UNREACHABLE_CODE = YES;
				CLANG_WARN__DUPLICATE_METHOD_MATCH = YES;
				COPY_PHASE_STRIP = NO;
				DEBUG_INFORMATION_FORMAT = dwarf;
				ENABLE_STRICT_OBJC_MSGSEND = YES;
				ENABLE_TESTABILITY = YES;
				GCC_C_LANGUAGE_STANDARD = gnu11;
				GCC_DYNAMIC_NO_PIC = NO;
				GCC_NO_COMMON_BLOCKS = YES;
				GCC_OPTIMIZATION_LEVEL = 0;
				GCC_PREPROCESSOR_DEFINITIONS = (
					"DEBUG=1",
					"$(inherited)",
				);
				GCC_WARN_64_TO_32_BIT_CONVERSION = YES;
				GCC_WARN_ABOUT_RETURN_TYPE = YES_ERROR;
				GCC_WARN_UNDECLARED_SELECTOR = YES;
				GCC_WARN_UNINITIALIZED_AUTOS = YES_AGGRESSIVE;
				GCC_WARN_UNUSED_FUNCTION = YES;
				GCC_WARN_UNUSED_VARIABLE = YES;
				MACOSX_DEPLOYMENT_TARGET = 10.15;
				MTL_ENABLE_DEBUG_INFO = INCLUDE_SOURCE;
				MTL_FAST_MATH = YES;
				ONLY_ACTIVE_ARCH = YES;
				SDKROOT = macosx;
			};
			name = Debug;
		};
		5780782B27772D560017586E /* Release */ = {
			isa = XCBuildConfiguration;
			buildSettings = {
				ALWAYS_SEARCH_USER_PATHS = NO;
				CLANG_ANALYZER_NONNULL = YES;
				CLANG_ANALYZER_NUMBER_OBJECT_CONVERSION = YES_AGGRESSIVE;
				CLANG_CXX_LANGUAGE_STANDARD = "gnu++14";
				CLANG_CXX_LIBRARY = "libc++";
				CLANG_ENABLE_MODULES = YES;
				CLANG_ENABLE_OBJC_ARC = YES;
				CLANG_ENABLE_OBJC_WEAK = YES;
				CLANG_WARN_BLOCK_CAPTURE_AUTORELEASING = YES;
				CLANG_WARN_BOOL_CONVERSION = YES;
				CLANG_WARN_COMMA = YES;
				CLANG_WARN_CONSTANT_CONVERSION = YES;
				CLANG_WARN_DEPRECATED_OBJC_IMPLEMENTATIONS = YES;
				CLANG_WARN_DIRECT_OBJC_ISA_USAGE = YES_ERROR;
				CLANG_WARN_DOCUMENTATION_COMMENTS = YES;
				CLANG_WARN_EMPTY_BODY = YES;
				CLANG_WARN_ENUM_CONVERSION = YES;
				CLANG_WARN_INFINITE_RECURSION = YES;
				CLANG_WARN_INT_CONVERSION = YES;
				CLANG_WARN_NON_LITERAL_NULL_CONVERSION = YES;
				CLANG_WARN_OBJC_IMPLICIT_RETAIN_SELF = YES;
				CLANG_WARN_OBJC_LITERAL_CONVERSION = YES;
				CLANG_WARN_OBJC_ROOT_CLASS = YES_ERROR;
				CLANG_WARN_QUOTED_INCLUDE_IN_FRAMEWORK_HEADER = YES;
				CLANG_WARN_RANGE_LOOP_ANALYSIS = YES;
				CLANG_WARN_STRICT_PROTOTYPES = YES;
				CLANG_WARN_SUSPICIOUS_MOVE = YES;
				CLANG_WARN_UNGUARDED_AVAILABILITY = YES_AGGRESSIVE;
				CLANG_WARN_UNREACHABLE_CODE = YES;
				CLANG_WARN__DUPLICATE_METHOD_MATCH = YES;
				COPY_PHASE_STRIP = NO;
				DEBUG_INFORMATION_FORMAT = "dwarf-with-dsym";
				ENABLE_NS_ASSERTIONS = NO;
				ENABLE_STRICT_OBJC_MSGSEND = YES;
				GCC_C_LANGUAGE_STANDARD = gnu11;
				GCC_NO_COMMON_BLOCKS = YES;
				GCC_WARN_64_TO_32_BIT_CONVERSION = YES;
				GCC_WARN_ABOUT_RETURN_TYPE = YES_ERROR;
				GCC_WARN_UNDECLARED_SELECTOR = YES;
				GCC_WARN_UNINITIALIZED_AUTOS = YES_AGGRESSIVE;
				GCC_WARN_UNUSED_FUNCTION = YES;
				GCC_WARN_UNUSED_VARIABLE = YES;
				MACOSX_DEPLOYMENT_TARGET = 10.15;
				MTL_ENABLE_DEBUG_INFO = NO;
				MTL_FAST_MATH = YES;
				SDKROOT = macosx;
			};
			name = Release;
		};
		5780782D27772D560017586E /* Debug */ = {
			isa = XCBuildConfiguration;
			buildSettings = {
				CODE_SIGN_STYLE = Automatic;
				DEVELOPMENT_TEAM = YZJZ9TNW24;
				EXECUTABLE_PREFIX = lib;
				PRODUCT_NAME = "$(TARGET_NAME)";
				SKIP_INSTALL = YES;
			};
			name = Debug;
		};
		5780782E27772D560017586E /* Release */ = {
			isa = XCBuildConfiguration;
			buildSettings = {
				CODE_SIGN_STYLE = Automatic;
				DEVELOPMENT_TEAM = YZJZ9TNW24;
				EXECUTABLE_PREFIX = lib;
				PRODUCT_NAME = "$(TARGET_NAME)";
				SKIP_INSTALL = YES;
			};
			name = Release;
		};
/* End XCBuildConfiguration section */

/* Begin XCConfigurationList section */
		5780782327772D560017586E /* Build configuration list for PBXProject "irid" */ = {
			isa = XCConfigurationList;
			buildConfigurations = (
				5780782A27772D560017586E /* Debug */,
				5780782B27772D560017586E /* Release */,
			);
			defaultConfigurationIsVisible = 0;
			defaultConfigurationName = Release;
		};
		5780782C27772D560017586E /* Build configuration list for PBXNativeTarget "irid" */ = {
			isa = XCConfigurationList;
			buildConfigurations = (
				5780782D27772D560017586E /* Debug */,
				5780782E27772D560017586E /* Release */,
			);
			defaultConfigurationIsVisible = 0;
			defaultConfigurationName = Release;
		};
/* End XCConfigurationList section */
	};
	rootObject = 5780782027772D560017586E /* Project object */;
}
